
Microsoft Visual Studio Solution File, Format Version 12.00
# Visual Studio Version 17
VisualStudioVersion = 17.4.33213.308
MinimumVisualStudioVersion = 10.0.40219.1
Project("{FAE04EC0-301F-11D3-BF4B-00C04F79EFBC}") = "Html-Task2", "Html-Task2\Html-Task2.csproj", "{1C2D03F3-706A-4453-844F-B33E658A4706}"
EndProject
Global
	GlobalSection(SolutionConfigurationPlatforms) = preSolution
		Debug|Any CPU = Debug|Any CPU
		Release|Any CPU = Release|Any CPU
	EndGlobalSection
	GlobalSection(ProjectConfigurationPlatforms) = postSolution
		{1C2D03F3-706A-4453-844F-B33E658A4706}.Debug|Any CPU.ActiveCfg = Debug|Any CPU
		{1C2D03F3-706A-4453-844F-B33E658A4706}.Debug|Any CPU.Build.0 = Debug|Any CPU
		{1C2D03F3-706A-4453-844F-B33E658A4706}.Release|Any CPU.ActiveCfg = Release|Any CPU
		{1C2D03F3-706A-4453-844F-B33E658A4706}.Release|Any CPU.Build.0 = Release|Any CPU
	EndGlobalSection
	GlobalSection(SolutionProperties) = preSolution
		HideSolutionNode = FALSE
	EndGlobalSection
	GlobalSection(ExtensibilityGlobals) = postSolution
		SolutionGuid = {AE716103-B755-43DB-B0F1-FF3C4062374B}
	EndGlobalSection
EndGlobal
